
Microsoft Visual Studio Solution File, Format Version 12.00
# Visual Studio Version 17
VisualStudioVersion = 17.6.33815.320
MinimumVisualStudioVersion = 10.0.40219.1
Project("{FAE04EC0-301F-11D3-BF4B-00C04F79EFBC}") = "EditTheFile", "EditTheFile\EditTheFile.csproj", "{70B685EF-51A6-4BF8-B694-B3C1D6420F13}"
EndProject
Global
	GlobalSection(SolutionConfigurationPlatforms) = preSolution
		Debug|Any CPU = Debug|Any CPU
		Release|Any CPU = Release|Any CPU
	EndGlobalSection
	GlobalSection(ProjectConfigurationPlatforms) = postSolution
		{70B685EF-51A6-4BF8-B694-B3C1D6420F13}.Debug|Any CPU.ActiveCfg = Debug|Any CPU
		{70B685EF-51A6-4BF8-B694-B3C1D6420F13}.Debug|Any CPU.Build.0 = Debug|Any CPU
		{70B685EF-51A6-4BF8-B694-B3C1D6420F13}.Release|Any CPU.ActiveCfg = Release|Any CPU
		{70B685EF-51A6-4BF8-B694-B3C1D6420F13}.Release|Any CPU.Build.0 = Release|Any CPU
	EndGlobalSection
	GlobalSection(SolutionProperties) = preSolution
		HideSolutionNode = FALSE
	EndGlobalSection
	GlobalSection(ExtensibilityGlobals) = postSolution
		SolutionGuid = {3FE1C2EB-BDDC-4A70-971C-520360A5CB6B}
	EndGlobalSection
EndGlobal
